
Microsoft Visual Studio Solution File, Format Version 12.00
# Visual Studio Version 16
VisualStudioVersion = 16.0.29418.71
MinimumVisualStudioVersion = 10.0.40219.1
Project("{FAE04EC0-301F-11D3-BF4B-00C04F79EFBC}") = "Prob1", "Prob1\Prob1.csproj", "{509A2E55-652C-4E70-B8E1-EE0E4B828004}"
EndProject
Project("{FAE04EC0-301F-11D3-BF4B-00C04F79EFBC}") = "Prob2", "Prob2\Prob2.csproj", "{2252055D-4E58-436A-96E9-B3BA3FC433C4}"
EndProject
Project("{FAE04EC0-301F-11D3-BF4B-00C04F79EFBC}") = "Prob3", "Prob3\Prob3.csproj", "{FB123648-0903-42A4-9C05-D91C4D1E1FC3}"
EndProject
Project("{FAE04EC0-301F-11D3-BF4B-00C04F79EFBC}") = "Prob4", "Prob4\Prob4.csproj", "{16E9D616-C20E-498E-8184-A329947C0F3A}"
EndProject
Global
	GlobalSection(SolutionConfigurationPlatforms) = preSolution
		Debug|Any CPU = Debug|Any CPU
		Release|Any CPU = Release|Any CPU
	EndGlobalSection
	GlobalSection(ProjectConfigurationPlatforms) = postSolution
		{509A2E55-652C-4E70-B8E1-EE0E4B828004}.Debug|Any CPU.ActiveCfg = Debug|Any CPU
		{509A2E55-652C-4E70-B8E1-EE0E4B828004}.Debug|Any CPU.Build.0 = Debug|Any CPU
		{509A2E55-652C-4E70-B8E1-EE0E4B828004}.Release|Any CPU.ActiveCfg = Release|Any CPU
		{509A2E55-652C-4E70-B8E1-EE0E4B828004}.Release|Any CPU.Build.0 = Release|Any CPU
		{2252055D-4E58-436A-96E9-B3BA3FC433C4}.Debug|Any CPU.ActiveCfg = Debug|Any CPU
		{2252055D-4E58-436A-96E9-B3BA3FC433C4}.Debug|Any CPU.Build.0 = Debug|Any CPU
		{2252055D-4E58-436A-96E9-B3BA3FC433C4}.Release|Any CPU.ActiveCfg = Release|Any CPU
		{2252055D-4E58-436A-96E9-B3BA3FC433C4}.Release|Any CPU.Build.0 = Release|Any CPU
		{FB123648-0903-42A4-9C05-D91C4D1E1FC3}.Debug|Any CPU.ActiveCfg = Debug|Any CPU
		{FB123648-0903-42A4-9C05-D91C4D1E1FC3}.Debug|Any CPU.Build.0 = Debug|Any CPU
		{FB123648-0903-42A4-9C05-D91C4D1E1FC3}.Release|Any CPU.ActiveCfg = Release|Any CPU
		{FB123648-0903-42A4-9C05-D91C4D1E1FC3}.Release|Any CPU.Build.0 = Release|Any CPU
		{16E9D616-C20E-498E-8184-A329947C0F3A}.Debug|Any CPU.ActiveCfg = Debug|Any CPU
		{16E9D616-C20E-498E-8184-A329947C0F3A}.Debug|Any CPU.Build.0 = Debug|Any CPU
		{16E9D616-C20E-498E-8184-A329947C0F3A}.Release|Any CPU.ActiveCfg = Release|Any CPU
		{16E9D616-C20E-498E-8184-A329947C0F3A}.Release|Any CPU.Build.0 = Release|Any CPU
	EndGlobalSection
	GlobalSection(SolutionProperties) = preSolution
		HideSolutionNode = FALSE
	EndGlobalSection
	GlobalSection(ExtensibilityGlobals) = postSolution
		SolutionGuid = {A2584808-7EC6-4AA4-A35A-CB439DAA2E5A}
	EndGlobalSection
EndGlobal
